
Microsoft Visual Studio Solution File, Format Version 12.00
# Visual Studio Version 16
VisualStudioVersion = 16.0.31112.23
MinimumVisualStudioVersion = 10.0.40219.1
Project("{9A19103F-16F7-4668-BE54-9A1E7A4F7556}") = "DDB2DA_HFT_2021221.Client", "DDB2DA_HFT_2021221.Client\DDB2DA_HFT_2021221.Client.csproj", "{FFD3CDBD-BFC4-47A4-AE33-4F1EFEC1BC25}"
EndProject
Project("{9A19103F-16F7-4668-BE54-9A1E7A4F7556}") = "DDB2DA_HFT_2021221.Models", "DDB2DA_HFT_2021221.Models\DDB2DA_HFT_2021221.Models.csproj", "{F97274BE-311D-4F0C-8589-9B2FEA8EAD5D}"
EndProject
Project("{9A19103F-16F7-4668-BE54-9A1E7A4F7556}") = "DDB2DA_HFT_2021221.Data", "DDB2DA_HFT_2021221.Data\DDB2DA_HFT_2021221.Data.csproj", "{509759F5-63F2-4C42-80B7-48AD143E8D24}"
EndProject
Project("{9A19103F-16F7-4668-BE54-9A1E7A4F7556}") = "DDB2DA_HFT_2021221.Logic", "DDB2DA_HFT_2021221.Logic\DDB2DA_HFT_2021221.Logic.csproj", "{25DE9A13-5BA5-4A93-9659-5A15D651CBF7}"
EndProject
Project("{9A19103F-16F7-4668-BE54-9A1E7A4F7556}") = "DDB2DA_HFT_2021221.Repository", "DDB2DA_HFT_2021221.Repository\DDB2DA_HFT_2021221.Repository.csproj", "{27EE3F00-0169-4A6A-BDBC-2143690C4C84}"
EndProject
Project("{FAE04EC0-301F-11D3-BF4B-00C04F79EFBC}") = "DDB2DA_HFT_2021221.Endpoint", "DDB2DA_HFT_2021221.Endpoint\DDB2DA_HFT_2021221.Endpoint.csproj", "{89B08C63-1E36-462D-A6FB-723F64077871}"
EndProject
Project("{FAE04EC0-301F-11D3-BF4B-00C04F79EFBC}") = "DDB2DA_HFT_2021221.Test", "DDB2DA_HFT_2021221.Test\DDB2DA_HFT_2021221.Test.csproj", "{2EE8C8FD-941E-4593-9288-D00A59295C56}"
EndProject
Global
	GlobalSection(SolutionConfigurationPlatforms) = preSolution
		Debug|Any CPU = Debug|Any CPU
		Release|Any CPU = Release|Any CPU
	EndGlobalSection
	GlobalSection(ProjectConfigurationPlatforms) = postSolution
		{FFD3CDBD-BFC4-47A4-AE33-4F1EFEC1BC25}.Debug|Any CPU.ActiveCfg = Debug|Any CPU
		{FFD3CDBD-BFC4-47A4-AE33-4F1EFEC1BC25}.Debug|Any CPU.Build.0 = Debug|Any CPU
		{FFD3CDBD-BFC4-47A4-AE33-4F1EFEC1BC25}.Release|Any CPU.ActiveCfg = Release|Any CPU
		{FFD3CDBD-BFC4-47A4-AE33-4F1EFEC1BC25}.Release|Any CPU.Build.0 = Release|Any CPU
		{F97274BE-311D-4F0C-8589-9B2FEA8EAD5D}.Debug|Any CPU.ActiveCfg = Debug|Any CPU
		{F97274BE-311D-4F0C-8589-9B2FEA8EAD5D}.Debug|Any CPU.Build.0 = Debug|Any CPU
		{F97274BE-311D-4F0C-8589-9B2FEA8EAD5D}.Release|Any CPU.ActiveCfg = Release|Any CPU
		{F97274BE-311D-4F0C-8589-9B2FEA8EAD5D}.Release|Any CPU.Build.0 = Release|Any CPU
		{509759F5-63F2-4C42-80B7-48AD143E8D24}.Debug|Any CPU.ActiveCfg = Debug|Any CPU
		{509759F5-63F2-4C42-80B7-48AD143E8D24}.Debug|Any CPU.Build.0 = Debug|Any CPU
		{509759F5-63F2-4C42-80B7-48AD143E8D24}.Release|Any CPU.ActiveCfg = Release|Any CPU
		{509759F5-63F2-4C42-80B7-48AD143E8D24}.Release|Any CPU.Build.0 = Release|Any CPU
		{25DE9A13-5BA5-4A93-9659-5A15D651CBF7}.Debug|Any CPU.ActiveCfg = Debug|Any CPU
		{25DE9A13-5BA5-4A93-9659-5A15D651CBF7}.Debug|Any CPU.Build.0 = Debug|Any CPU
		{25DE9A13-5BA5-4A93-9659-5A15D651CBF7}.Release|Any CPU.ActiveCfg = Release|Any CPU
		{25DE9A13-5BA5-4A93-9659-5A15D651CBF7}.Release|Any CPU.Build.0 = Release|Any CPU
		{27EE3F00-0169-4A6A-BDBC-2143690C4C84}.Debug|Any CPU.ActiveCfg = Debug|Any CPU
		{27EE3F00-0169-4A6A-BDBC-2143690C4C84}.Debug|Any CPU.Build.0 = Debug|Any CPU
		{27EE3F00-0169-4A6A-BDBC-2143690C4C84}.Release|Any CPU.ActiveCfg = Release|Any CPU
		{27EE3F00-0169-4A6A-BDBC-2143690C4C84}.Release|Any CPU.Build.0 = Release|Any CPU
		{89B08C63-1E36-462D-A6FB-723F64077871}.Debug|Any CPU.ActiveCfg = Debug|Any CPU
		{89B08C63-1E36-462D-A6FB-723F64077871}.Debug|Any CPU.Build.0 = Debug|Any CPU
		{89B08C63-1E36-462D-A6FB-723F64077871}.Release|Any CPU.ActiveCfg = Release|Any CPU
		{89B08C63-1E36-462D-A6FB-723F64077871}.Release|Any CPU.Build.0 = Release|Any CPU
		{2EE8C8FD-941E-4593-9288-D00A59295C56}.Debug|Any CPU.ActiveCfg = Debug|Any CPU
		{2EE8C8FD-941E-4593-9288-D00A59295C56}.Debug|Any CPU.Build.0 = Debug|Any CPU
		{2EE8C8FD-941E-4593-9288-D00A59295C56}.Release|Any CPU.ActiveCfg = Release|Any CPU
		{2EE8C8FD-941E-4593-9288-D00A59295C56}.Release|Any CPU.Build.0 = Release|Any CPU
	EndGlobalSection
	GlobalSection(SolutionProperties) = preSolution
		HideSolutionNode = FALSE
	EndGlobalSection
	GlobalSection(ExtensibilityGlobals) = postSolution
		SolutionGuid = {23354ECD-7E9F-4091-AE38-0C23ED8F724B}
	EndGlobalSection
EndGlobal
